
Microsoft Visual Studio Solution File, Format Version 12.00
# Visual Studio Version 16
VisualStudioVersion = 16.0.31321.278
MinimumVisualStudioVersion = 10.0.40219.1
Project("{8BC9CEB8-8B4A-11D0-8D11-00A0C91BC942}") = "JLibraryIdeaTest", "JLibraryIdeaTest.vcxproj", "{18471DC4-339B-487E-B57F-C1BB9AB0CED3}"
EndProject
Global
	GlobalSection(SolutionConfigurationPlatforms) = preSolution
		Debug|x64 = Debug|x64
		Debug|x86 = Debug|x86
		Release|x64 = Release|x64
		Release|x86 = Release|x86
	EndGlobalSection
	GlobalSection(ProjectConfigurationPlatforms) = postSolution
		{18471DC4-339B-487E-B57F-C1BB9AB0CED3}.Debug|x64.ActiveCfg = Debug|x64
		{18471DC4-339B-487E-B57F-C1BB9AB0CED3}.Debug|x64.Build.0 = Debug|x64
		{18471DC4-339B-487E-B57F-C1BB9AB0CED3}.Debug|x86.ActiveCfg = Debug|Win32
		{18471DC4-339B-487E-B57F-C1BB9AB0CED3}.Debug|x86.Build.0 = Debug|Win32
		{18471DC4-339B-487E-B57F-C1BB9AB0CED3}.Release|x64.ActiveCfg = Release|x64
		{18471DC4-339B-487E-B57F-C1BB9AB0CED3}.Release|x64.Build.0 = Release|x64
		{18471DC4-339B-487E-B57F-C1BB9AB0CED3}.Release|x86.ActiveCfg = Release|Win32
		{18471DC4-339B-487E-B57F-C1BB9AB0CED3}.Release|x86.Build.0 = Release|Win32
	EndGlobalSection
	GlobalSection(SolutionProperties) = preSolution
		HideSolutionNode = FALSE
	EndGlobalSection
	GlobalSection(ExtensibilityGlobals) = postSolution
		SolutionGuid = {652F57F1-A060-4289-AAD9-154A9D9F0F70}
	EndGlobalSection
EndGlobal
