<?xml version="1.0" encoding="utf-8"?>
<Project ToolsVersion="4.0" xmlns="http://schemas.microsoft.com/developer/msbuild/2003">
  <ItemGroup>
    <Filter Include="Source Files">
      <UniqueIdentifier>{4FC737F1-C7A5-4376-A066-2A32D752A2FF}</UniqueIdentifier>
      <Extensions>cpp;c;cc;cxx;c++;cppm;ixx;def;odl;idl;hpj;bat;asm;asmx</Extensions>
    </Filter>
    <Filter Include="Header Files">
      <UniqueIdentifier>{93995380-89BD-4b04-88EB-625FBE52EBFB}</UniqueIdentifier>
      <Extensions>h;hh;hpp;hxx;h++;hm;inl;inc;ipp;xsd</Extensions>
    </Filter>
    <Filter Include="Resource Files">
      <UniqueIdentifier>{67DA6AB6-F800-4c08-8B7A-83BB121AAD01}</UniqueIdentifier>
      <Extensions>rc;ico;cur;bmp;dlg;rc2;rct;bin;rgs;gif;jpg;jpeg;jpe;resx;tiff;tif;png;wav;mfcribbon-ms</Extensions>
    </Filter>
  </ItemGroup>
  <ItemGroup>
    <ClCompile Include="src\test.cpp">
      <Filter>Source Files</Filter>
    </ClCompile>
    <ClCompile Include="JLibrary-1.0.0\src\JLibrary\System\Clock.cpp">
      <Filter>Source Files</Filter>
    </ClCompile>
    <ClCompile Include="JLibrary-1.0.0\src\JLibrary\System\Keyboard.cpp">
      <Filter>Source Files</Filter>
    </ClCompile>
    <ClCompile Include="JLibrary-1.0.0\src\JLibrary\System\Mouse.cpp">
      <Filter>Source Files</Filter>
    </ClCompile>
    <ClCompile Include="JLibrary-1.0.0\src\JLibrary\System\Gamepad.cpp">
      <Filter>Source Files</Filter>
    </ClCompile>
    <ClCompile Include="JLibrary-1.0.0\src\JLibrary\Graphics\Color.cpp">
      <Filter>Source Files</Filter>
    </ClCompile>
    <ClCompile Include="JLibrary-1.0.0\src\JLibrary\Graphics\Transformation.cpp">
      <Filter>Source Files</Filter>
    </ClCompile>
    <ClCompile Include="JLibrary-1.0.0\src\JLibrary\Graphics\Transformable.cpp">
      <Filter>Source Files</Filter>
    </ClCompile>
    <ClCompile Include="JLibrary-1.0.0\src\JLibrary\Graphics\Vertex2.cpp">
      <Filter>Source Files</Filter>
    </ClCompile>
    <ClCompile Include="JLibrary-1.0.0\src\JLibrary\Graphics\Vertex3.cpp">
      <Filter>Source Files</Filter>
    </ClCompile>
    <ClCompile Include="JLibrary-1.0.0\src\JLibrary\Math\Angle.cpp">
      <Filter>Source Files</Filter>
    </ClCompile>
  </ItemGroup>
  <ItemGroup>
    <ClInclude Include="JLibrary-1.0.0\include\JLibrary\Math\Arithmetic.hpp">
      <Filter>Header Files</Filter>
    </ClInclude>
    <ClInclude Include="JLibrary-1.0.0\include\JLibrary\Math\Fraction.hpp">
      <Filter>Header Files</Filter>
    </ClInclude>
    <ClInclude Include="JLibrary-1.0.0\include\JLibrary\Math\Point2.hpp">
      <Filter>Header Files</Filter>
    </ClInclude>
    <ClInclude Include="JLibrary-1.0.0\include\JLibrary\Math\Point3.hpp">
      <Filter>Header Files</Filter>
    </ClInclude>
    <ClInclude Include="JLibrary-1.0.0\include\JLibrary\Math\Vector2.hpp">
      <Filter>Header Files</Filter>
    </ClInclude>
    <ClInclude Include="JLibrary-1.0.0\include\JLibrary\Math\Vector3.hpp">
      <Filter>Header Files</Filter>
    </ClInclude>
    <ClInclude Include="JLibrary-1.0.0\include\JLibrary\Math\Matrix.hpp">
      <Filter>Header Files</Filter>
    </ClInclude>
    <ClInclude Include="JLibrary-1.0.0\include\JLibrary\System\Clock.hpp">
      <Filter>Header Files</Filter>
    </ClInclude>
    <ClInclude Include="JLibrary-1.0.0\include\JLibrary\System\Keyboard.hpp">
      <Filter>Header Files</Filter>
    </ClInclude>
    <ClInclude Include="JLibrary-1.0.0\include\JLibrary\System\Mouse.hpp">
      <Filter>Header Files</Filter>
    </ClInclude>
    <ClInclude Include="JLibrary-1.0.0\include\JLibrary\System\Gamepad.hpp">
      <Filter>Header Files</Filter>
    </ClInclude>
    <ClInclude Include="JLibrary-1.0.0\include\JLibrary\Math.hpp">
      <Filter>Header Files</Filter>
    </ClInclude>
    <ClInclude Include="JLibrary-1.0.0\include\JLibrary\System.hpp">
      <Filter>Header Files</Filter>
    </ClInclude>
    <ClInclude Include="JLibrary-1.0.0\include\JLibrary\Graphics\Color.hpp">
      <Filter>Header Files</Filter>
    </ClInclude>
    <ClInclude Include="JLibrary-1.0.0\include\JLibrary\Graphics\Rectangle.hpp">
      <Filter>Header Files</Filter>
    </ClInclude>
    <ClInclude Include="JLibrary-1.0.0\include\JLibrary\Graphics\Circle.hpp">
      <Filter>Header Files</Filter>
    </ClInclude>
    <ClInclude Include="JLibrary-1.0.0\include\JLibrary\Graphics.hpp">
      <Filter>Header Files</Filter>
    </ClInclude>
    <ClInclude Include="JLibrary-1.0.0\include\JLibrary\Graphics\Transformation.hpp">
      <Filter>Header Files</Filter>
    </ClInclude>
    <ClInclude Include="JLibrary-1.0.0\include\JLibrary\Graphics\Transformable.hpp">
      <Filter>Header Files</Filter>
    </ClInclude>
    <ClInclude Include="JLibrary-1.0.0\include\JLibrary\Graphics\Vertex2.hpp">
      <Filter>Header Files</Filter>
    </ClInclude>
    <ClInclude Include="JLibrary-1.0.0\include\JLibrary\Graphics\Vertex3.hpp">
      <Filter>Header Files</Filter>
    </ClInclude>
    <ClInclude Include="JLibrary-1.0.0\include\JLibrary\Math\Angle.hpp">
      <Filter>Header Files</Filter>
    </ClInclude>
  </ItemGroup>
</Project>